{
  "version": 4,
  "terraform_version": "1.1.4",
  "serial": 71,
  "lineage": "2bed699e-d649-bccc-ca98-3186e55cac78",
  "outputs": {
    "account_id": {
      "value": "342812538696",
      "type": "string"
    },
    "caller_arn": {
      "value": "arn:aws:sts::342812538696:assumed-role/AWSReservedSSO_AWSAdministratorAccess_c07bf92e3e331fc3",
      "type": "string"
    },
    "iam_role_arn": {
      "value": "arn:aws:iam::342812538696:role/NarvarTerraformRole",
      "type": "string"
    },
    "infra_bucket_id": {
      "value": "tf-9f991585-b198-5a16-8dd0-aad0100f4e64",
      "type": "string"
    },
    "infra_dynamodb_table_id": {
      "value": "tf-9f991585-b198-5a16-8dd0-aad0100f4e64-state-lock",
      "type": "string"
    }
  },
  "resources": [
    {
      "mode": "data",
      "type": "aws_caller_identity",
      "name": "current",
      "provider": "provider[\"registry.terraform.io/hashicorp/aws\"]",
      "instances": [
        {
          "schema_version": 0,
          "attributes": {
            "account_id": "342812538696",
            "arn": "arn:aws:sts::342812538696:assumed-role/AWSReservedSSO_AWSAdministratorAccess_c07bf92e3e331fc3/1643089226604343300",
            "id": "342812538696",
            "user_id": "AROAU7UJYG5EK7AMYMEIW:1643089226604343300"
          },
          "sensitive_attributes": []
        }
      ]
    },
    {
      "module": "module.iam_assumable_role",
      "mode": "data",
      "type": "aws_iam_policy_document",
      "name": "assume_role",
      "provider": "provider[\"registry.terraform.io/hashicorp/aws\"]",
      "instances": [
        {
          "schema_version": 0,
          "attributes": {
            "id": "972289152",
            "json": "{\n  \"Version\": \"2012-10-17\",\n  \"Statement\": [\n    {\n      \"Sid\": \"\",\n      \"Effect\": \"Allow\",\n      \"Action\": \"sts:AssumeRole\",\n      \"Principal\": {\n        \"AWS\": [\n          \"arn:aws:iam::106628749228:role/narvar-irsa-role-for-atlantis\",\n          \"arn:aws:iam::106628749228:role/aws-reserved/sso.amazonaws.com/us-west-2/AWSReservedSSO_AWSAdministratorAccess_93060f8c67728fb7\"\n        ],\n        \"Service\": []\n      }\n    }\n  ]\n}",
            "override_json": null,
            "override_policy_documents": null,
            "policy_id": null,
            "source_json": null,
            "source_policy_documents": null,
            "statement": [
              {
                "actions": [
                  "sts:AssumeRole"
                ],
                "condition": [],
                "effect": "Allow",
                "not_actions": [],
                "not_principals": [],
                "not_resources": [],
                "principals": [
                  {
                    "identifiers": [
                      "arn:aws:iam::106628749228:role/aws-reserved/sso.amazonaws.com/us-west-2/AWSReservedSSO_AWSAdministratorAccess_93060f8c67728fb7",
                      "arn:aws:iam::106628749228:role/narvar-irsa-role-for-atlantis"
                    ],
                    "type": "AWS"
                  },
                  {
                    "identifiers": [],
                    "type": "Service"
                  }
                ],
                "resources": [],
                "sid": ""
              }
            ],
            "version": "2012-10-17"
          },
          "sensitive_attributes": []
        }
      ]
    },
    {
      "module": "module.iam_assumable_role",
      "mode": "data",
      "type": "aws_iam_policy_document",
      "name": "assume_role_with_mfa",
      "provider": "provider[\"registry.terraform.io/hashicorp/aws\"]",
      "instances": [
        {
          "schema_version": 0,
          "attributes": {
            "id": "2453046868",
            "json": "{\n  \"Version\": \"2012-10-17\",\n  \"Statement\": [\n    {\n      \"Sid\": \"\",\n      \"Effect\": \"Allow\",\n      \"Action\": \"sts:AssumeRole\",\n      \"Principal\": {\n        \"AWS\": [\n          \"arn:aws:iam::106628749228:role/narvar-irsa-role-for-atlantis\",\n          \"arn:aws:iam::106628749228:role/aws-reserved/sso.amazonaws.com/us-west-2/AWSReservedSSO_AWSAdministratorAccess_93060f8c67728fb7\"\n        ],\n        \"Service\": []\n      },\n      \"Condition\": {\n        \"Bool\": {\n          \"aws:MultiFactorAuthPresent\": \"true\"\n        },\n        \"NumericLessThan\": {\n          \"aws:MultiFactorAuthAge\": \"86400\"\n        }\n      }\n    }\n  ]\n}",
            "override_json": null,
            "override_policy_documents": null,
            "policy_id": null,
            "source_json": null,
            "source_policy_documents": null,
            "statement": [
              {
                "actions": [
                  "sts:AssumeRole"
                ],
                "condition": [
                  {
                    "test": "Bool",
                    "values": [
                      "true"
                    ],
                    "variable": "aws:MultiFactorAuthPresent"
                  },
                  {
                    "test": "NumericLessThan",
                    "values": [
                      "86400"
                    ],
                    "variable": "aws:MultiFactorAuthAge"
                  }
                ],
                "effect": "Allow",
                "not_actions": [],
                "not_principals": [],
                "not_resources": [],
                "principals": [
                  {
                    "identifiers": [
                      "arn:aws:iam::106628749228:role/aws-reserved/sso.amazonaws.com/us-west-2/AWSReservedSSO_AWSAdministratorAccess_93060f8c67728fb7",
                      "arn:aws:iam::106628749228:role/narvar-irsa-role-for-atlantis"
                    ],
                    "type": "AWS"
                  },
                  {
                    "identifiers": [],
                    "type": "Service"
                  }
                ],
                "resources": [],
                "sid": ""
              }
            ],
            "version": "2012-10-17"
          },
          "sensitive_attributes": []
        }
      ]
    },
    {
      "module": "module.iam_assumable_role",
      "mode": "managed",
      "type": "aws_iam_role",
      "name": "this",
      "provider": "provider[\"registry.terraform.io/hashicorp/aws\"]",
      "instances": [
        {
          "index_key": 0,
          "schema_version": 0,
          "attributes": {
            "arn": "arn:aws:iam::342812538696:role/NarvarTerraformRole",
            "assume_role_policy": "{\"Version\":\"2012-10-17\",\"Statement\":[{\"Sid\":\"\",\"Effect\":\"Allow\",\"Principal\":{\"AWS\":[\"arn:aws:iam::106628749228:role/aws-reserved/sso.amazonaws.com/us-west-2/AWSReservedSSO_AWSAdministratorAccess_93060f8c67728fb7\",\"arn:aws:iam::106628749228:role/narvar-irsa-role-for-atlantis\"]},\"Action\":\"sts:AssumeRole\"}]}",
            "create_date": "2021-11-06T05:10:39Z",
            "description": "",
            "force_detach_policies": false,
            "id": "NarvarTerraformRole",
            "inline_policy": [
              {
                "name": "",
                "policy": ""
              }
            ],
            "managed_policy_arns": [
              "arn:aws:iam::aws:policy/AdministratorAccess"
            ],
            "max_session_duration": 7200,
            "name": "NarvarTerraformRole",
            "name_prefix": "",
            "path": "/",
            "permissions_boundary": "",
            "tags": {},
            "tags_all": {
              "ManagedBy": "terraform"
            },
            "unique_id": "AROAU7UJYG5EDTSTKX3VQ"
          },
          "sensitive_attributes": [],
          "private": "bnVsbA==",
          "dependencies": [
            "module.iam_assumable_role.data.aws_iam_policy_document.assume_role",
            "module.iam_assumable_role.data.aws_iam_policy_document.assume_role_with_mfa"
          ]
        }
      ]
    },
    {
      "module": "module.iam_assumable_role",
      "mode": "managed",
      "type": "aws_iam_role_policy_attachment",
      "name": "custom",
      "provider": "provider[\"registry.terraform.io/hashicorp/aws\"]",
      "instances": [
        {
          "index_key": 0,
          "schema_version": 0,
          "attributes": {
            "id": "NarvarTerraformRole-20211106051040362000000001",
            "policy_arn": "arn:aws:iam::aws:policy/AdministratorAccess",
            "role": "NarvarTerraformRole"
          },
          "sensitive_attributes": [],
          "private": "bnVsbA==",
          "dependencies": [
            "module.iam_assumable_role.aws_iam_role.this",
            "module.iam_assumable_role.data.aws_iam_policy_document.assume_role",
            "module.iam_assumable_role.data.aws_iam_policy_document.assume_role_with_mfa"
          ]
        }
      ]
    },
    {
      "module": "module.remote-state-infra",
      "mode": "data",
      "type": "aws_iam_policy_document",
      "name": "state_force_ssl",
      "provider": "provider[\"registry.terraform.io/hashicorp/aws\"]",
      "instances": [
        {
          "schema_version": 0,
          "attributes": {
            "id": "3884122405",
            "json": "{\n  \"Version\": \"2012-10-17\",\n  \"Statement\": [\n    {\n      \"Sid\": \"AllowSSLRequestsOnly\",\n      \"Effect\": \"Deny\",\n      \"Action\": \"s3:*\",\n      \"Resource\": [\n        \"arn:aws:s3:::tf-9f991585-b198-5a16-8dd0-aad0100f4e64/*\",\n        \"arn:aws:s3:::tf-9f991585-b198-5a16-8dd0-aad0100f4e64\"\n      ],\n      \"Principal\": \"*\",\n      \"Condition\": {\n        \"Bool\": {\n          \"aws:SecureTransport\": \"false\"\n        }\n      }\n    }\n  ]\n}",
            "override_json": null,
            "override_policy_documents": null,
            "policy_id": null,
            "source_json": null,
            "source_policy_documents": null,
            "statement": [
              {
                "actions": [
                  "s3:*"
                ],
                "condition": [
                  {
                    "test": "Bool",
                    "values": [
                      "false"
                    ],
                    "variable": "aws:SecureTransport"
                  }
                ],
                "effect": "Deny",
                "not_actions": [],
                "not_principals": [],
                "not_resources": [],
                "principals": [
                  {
                    "identifiers": [
                      "*"
                    ],
                    "type": "*"
                  }
                ],
                "resources": [
                  "arn:aws:s3:::tf-9f991585-b198-5a16-8dd0-aad0100f4e64",
                  "arn:aws:s3:::tf-9f991585-b198-5a16-8dd0-aad0100f4e64/*"
                ],
                "sid": "AllowSSLRequestsOnly"
              }
            ],
            "version": "2012-10-17"
          },
          "sensitive_attributes": []
        }
      ]
    },
    {
      "module": "module.remote-state-infra",
      "mode": "managed",
      "type": "aws_dynamodb_table",
      "name": "lock",
      "provider": "provider[\"registry.terraform.io/hashicorp/aws\"]",
      "instances": [
        {
          "schema_version": 1,
          "attributes": {
            "arn": "arn:aws:dynamodb:us-west-2:342812538696:table/tf-9f991585-b198-5a16-8dd0-aad0100f4e64-state-lock",
            "attribute": [
              {
                "name": "LockID",
                "type": "S"
              }
            ],
            "billing_mode": "PAY_PER_REQUEST",
            "global_secondary_index": [],
            "hash_key": "LockID",
            "id": "tf-9f991585-b198-5a16-8dd0-aad0100f4e64-state-lock",
            "local_secondary_index": [],
            "name": "tf-9f991585-b198-5a16-8dd0-aad0100f4e64-state-lock",
            "point_in_time_recovery": [
              {
                "enabled": true
              }
            ],
            "range_key": null,
            "read_capacity": 0,
            "replica": [],
            "restore_date_time": null,
            "restore_source_name": null,
            "restore_to_latest_time": null,
            "server_side_encryption": [],
            "stream_arn": "",
            "stream_enabled": false,
            "stream_label": "",
            "stream_view_type": "",
            "table_class": "",
            "tags": {
              "Name": "us-west-2-dev-dev71-infra S3 Remote Terraform State Store"
            },
            "tags_all": {
              "ManagedBy": "terraform",
              "Name": "us-west-2-dev-dev71-infra S3 Remote Terraform State Store"
            },
            "timeouts": null,
            "ttl": [
              {
                "attribute_name": "",
                "enabled": false
              }
            ],
            "write_capacity": 0
          },
          "sensitive_attributes": [],
          "private": "eyJlMmJmYjczMC1lY2FhLTExZTYtOGY4OC0zNDM2M2JjN2M0YzAiOnsiY3JlYXRlIjoxMjAwMDAwMDAwMDAwLCJkZWxldGUiOjYwMDAwMDAwMDAwMCwidXBkYXRlIjozNjAwMDAwMDAwMDAwfSwic2NoZW1hX3ZlcnNpb24iOiIxIn0=",
          "dependencies": [
            "data.aws_caller_identity.current"
          ]
        }
      ]
    },
    {
      "module": "module.remote-state-infra",
      "mode": "managed",
      "type": "aws_kms_alias",
      "name": "this",
      "provider": "provider[\"registry.terraform.io/hashicorp/aws\"]",
      "instances": [
        {
          "schema_version": 0,
          "attributes": {
            "arn": "arn:aws:kms:us-west-2:342812538696:alias/tf-9f991585-b198-5a16-8dd0-aad0100f4e64",
            "id": "alias/tf-9f991585-b198-5a16-8dd0-aad0100f4e64",
            "name": "alias/tf-9f991585-b198-5a16-8dd0-aad0100f4e64",
            "name_prefix": "",
            "target_key_arn": "arn:aws:kms:us-west-2:342812538696:key/3c71a816-42e7-414f-b681-f9164e61040e",
            "target_key_id": "3c71a816-42e7-414f-b681-f9164e61040e"
          },
          "sensitive_attributes": [],
          "private": "bnVsbA==",
          "dependencies": [
            "data.aws_caller_identity.current",
            "module.remote-state-infra.aws_kms_key.this"
          ]
        }
      ]
    },
    {
      "module": "module.remote-state-infra",
      "mode": "managed",
      "type": "aws_kms_key",
      "name": "this",
      "provider": "provider[\"registry.terraform.io/hashicorp/aws\"]",
      "instances": [
        {
          "schema_version": 0,
          "attributes": {
            "arn": "arn:aws:kms:us-west-2:342812538696:key/3c71a816-42e7-414f-b681-f9164e61040e",
            "bypass_policy_lockout_safety_check": false,
            "customer_master_key_spec": "SYMMETRIC_DEFAULT",
            "deletion_window_in_days": 30,
            "description": "The key used to encrypt the remote state bucket.",
            "enable_key_rotation": true,
            "id": "3c71a816-42e7-414f-b681-f9164e61040e",
            "is_enabled": true,
            "key_id": "3c71a816-42e7-414f-b681-f9164e61040e",
            "key_usage": "ENCRYPT_DECRYPT",
            "multi_region": false,
            "policy": "{\"Id\":\"key-default-1\",\"Statement\":[{\"Action\":\"kms:*\",\"Effect\":\"Allow\",\"Principal\":{\"AWS\":\"arn:aws:iam::342812538696:root\"},\"Resource\":\"*\",\"Sid\":\"Enable IAM User Permissions\"}],\"Version\":\"2012-10-17\"}",
            "tags": {
              "Name": "us-west-2-dev-dev71-infra S3 Remote Terraform State Store"
            },
            "tags_all": {
              "ManagedBy": "terraform",
              "Name": "us-west-2-dev-dev71-infra S3 Remote Terraform State Store"
            }
          },
          "sensitive_attributes": [],
          "private": "bnVsbA=="
        }
      ]
    },
    {
      "module": "module.remote-state-infra",
      "mode": "managed",
      "type": "aws_s3_bucket",
      "name": "state",
      "provider": "provider[\"registry.terraform.io/hashicorp/aws\"]",
      "instances": [
        {
          "schema_version": 0,
          "attributes": {
            "acceleration_status": "",
            "acl": "private",
            "arn": "arn:aws:s3:::tf-9f991585-b198-5a16-8dd0-aad0100f4e64",
            "bucket": "tf-9f991585-b198-5a16-8dd0-aad0100f4e64",
            "bucket_domain_name": "tf-9f991585-b198-5a16-8dd0-aad0100f4e64.s3.amazonaws.com",
            "bucket_prefix": null,
            "bucket_regional_domain_name": "tf-9f991585-b198-5a16-8dd0-aad0100f4e64.s3.us-west-2.amazonaws.com",
            "cors_rule": [],
            "force_destroy": false,
            "grant": [],
            "hosted_zone_id": "Z3BJ6K6RIION7M",
            "id": "tf-9f991585-b198-5a16-8dd0-aad0100f4e64",
            "lifecycle_rule": [],
            "logging": [],
            "object_lock_configuration": [],
            "policy": null,
            "region": "us-west-2",
            "replication_configuration": [],
            "request_payer": "BucketOwner",
            "server_side_encryption_configuration": [
              {
                "rule": [
                  {
                    "apply_server_side_encryption_by_default": [
                      {
                        "kms_master_key_id": "arn:aws:kms:us-west-2:342812538696:key/3c71a816-42e7-414f-b681-f9164e61040e",
                        "sse_algorithm": "aws:kms"
                      }
                    ],
                    "bucket_key_enabled": false
                  }
                ]
              }
            ],
            "tags": {
              "Name": "us-west-2-dev-dev71-infra S3 Remote Terraform State Store"
            },
            "tags_all": {
              "ManagedBy": "terraform",
              "Name": "us-west-2-dev-dev71-infra S3 Remote Terraform State Store"
            },
            "versioning": [
              {
                "enabled": true,
                "mfa_delete": false
              }
            ],
            "website": [],
            "website_domain": null,
            "website_endpoint": null
          },
          "sensitive_attributes": [],
          "private": "bnVsbA==",
          "dependencies": [
            "data.aws_caller_identity.current",
            "module.remote-state-infra.aws_kms_key.this"
          ]
        }
      ]
    },
    {
      "module": "module.remote-state-infra",
      "mode": "managed",
      "type": "aws_s3_bucket_policy",
      "name": "state_force_ssl",
      "provider": "provider[\"registry.terraform.io/hashicorp/aws\"]",
      "instances": [
        {
          "schema_version": 0,
          "attributes": {
            "bucket": "tf-9f991585-b198-5a16-8dd0-aad0100f4e64",
            "id": "tf-9f991585-b198-5a16-8dd0-aad0100f4e64",
            "policy": "{\"Statement\":[{\"Action\":\"s3:*\",\"Condition\":{\"Bool\":{\"aws:SecureTransport\":\"false\"}},\"Effect\":\"Deny\",\"Principal\":\"*\",\"Resource\":[\"arn:aws:s3:::tf-9f991585-b198-5a16-8dd0-aad0100f4e64/*\",\"arn:aws:s3:::tf-9f991585-b198-5a16-8dd0-aad0100f4e64\"],\"Sid\":\"AllowSSLRequestsOnly\"}],\"Version\":\"2012-10-17\"}"
          },
          "sensitive_attributes": [],
          "private": "bnVsbA==",
          "dependencies": [
            "data.aws_caller_identity.current",
            "module.remote-state-infra.aws_kms_key.this",
            "module.remote-state-infra.aws_s3_bucket.state",
            "module.remote-state-infra.aws_s3_bucket_public_access_block.state",
            "module.remote-state-infra.data.aws_iam_policy_document.state_force_ssl"
          ]
        }
      ]
    },
    {
      "module": "module.remote-state-infra",
      "mode": "managed",
      "type": "aws_s3_bucket_public_access_block",
      "name": "state",
      "provider": "provider[\"registry.terraform.io/hashicorp/aws\"]",
      "instances": [
        {
          "schema_version": 0,
          "attributes": {
            "block_public_acls": true,
            "block_public_policy": true,
            "bucket": "tf-9f991585-b198-5a16-8dd0-aad0100f4e64",
            "id": "tf-9f991585-b198-5a16-8dd0-aad0100f4e64",
            "ignore_public_acls": true,
            "restrict_public_buckets": true
          },
          "sensitive_attributes": [],
          "private": "bnVsbA==",
          "dependencies": [
            "data.aws_caller_identity.current",
            "module.remote-state-infra.aws_kms_key.this",
            "module.remote-state-infra.aws_s3_bucket.state"
          ]
        }
      ]
    }
  ]
}
